{
  "name": "composable-functional-javascript",
  "version": "1.0.0",
  "lockfileVersion": 1,
  "requires": true,
  "dependencies": {
    "data.task": {
      "version": "3.1.1",
      "resolved": "https://registry.npmjs.org/data.task/-/data.task-3.1.1.tgz",
      "integrity": "sha1-6YX1vtrdkmstY8Gl0gds/5F6Uq0="
    },
    "folktale": {
      "version": "2.0.1",
      "resolved": "https://registry.npmjs.org/folktale/-/folktale-2.0.1.tgz",
      "integrity": "sha512-3kDSWVkSlErHIt/dC73vu+5zRqbW1mlnL46s2QfYN7Ps0JcS9MVtuLCrDQOBa7sanA+d9Fd8F+bn0VcyNe68Jw=="
    },
    "fs": {
      "version": "https://registry.npmjs.org/fs/-/fs-0.0.1-security.tgz",
      "integrity": "sha1-invTcYa23d84E/I4WLV+yq9eQdQ="
    }
  }
}
